
Microsoft Visual Studio Solution File, Format Version 12.00
# Visual Studio Version 16
VisualStudioVersion = 16.0.30114.105
MinimumVisualStudioVersion = 10.0.40219.1
Project("{FAE04EC0-301F-11D3-BF4B-00C04F79EFBC}") = "CommonCS", "CommonCS\CommonCS.csproj", "{163DBE53-F8F2-4BD6-8EEB-2F37B1FB849C}"
EndProject
Project("{FAE04EC0-301F-11D3-BF4B-00C04F79EFBC}") = "CommonCS.Tests", "CommonCS.Tests\CommonCS.Tests.csproj", "{94F4648F-D248-47EA-BF08-07FD547BF300}"
EndProject
Global
	GlobalSection(SolutionConfigurationPlatforms) = preSolution
		Debug|Any CPU = Debug|Any CPU
		Release|Any CPU = Release|Any CPU
	EndGlobalSection
	GlobalSection(SolutionProperties) = preSolution
		HideSolutionNode = FALSE
	EndGlobalSection
	GlobalSection(ProjectConfigurationPlatforms) = postSolution
		{163DBE53-F8F2-4BD6-8EEB-2F37B1FB849C}.Debug|Any CPU.ActiveCfg = Debug|Any CPU
		{163DBE53-F8F2-4BD6-8EEB-2F37B1FB849C}.Debug|Any CPU.Build.0 = Debug|Any CPU
		{163DBE53-F8F2-4BD6-8EEB-2F37B1FB849C}.Release|Any CPU.ActiveCfg = Release|Any CPU
		{163DBE53-F8F2-4BD6-8EEB-2F37B1FB849C}.Release|Any CPU.Build.0 = Release|Any CPU
		{94F4648F-D248-47EA-BF08-07FD547BF300}.Debug|Any CPU.ActiveCfg = Debug|Any CPU
		{94F4648F-D248-47EA-BF08-07FD547BF300}.Debug|Any CPU.Build.0 = Debug|Any CPU
		{94F4648F-D248-47EA-BF08-07FD547BF300}.Release|Any CPU.ActiveCfg = Release|Any CPU
		{94F4648F-D248-47EA-BF08-07FD547BF300}.Release|Any CPU.Build.0 = Release|Any CPU
	EndGlobalSection
EndGlobal
